// !$*UTF8*$!
{
	archiveVersion = 1;
	classes = {
	};
	objectVersion = 55;
	objects = {

/* Begin PBXBuildFile section */
		88ABB11E27A251740010D9D2 /* AppDelegate.swift in Sources */ = {isa = PBXBuildFile; fileRef = 88ABB11D27A251740010D9D2 /* AppDelegate.swift */; };
		88ABB12027A251740010D9D2 /* SceneDelegate.swift in Sources */ = {isa = PBXBuildFile; fileRef = 88ABB11F27A251740010D9D2 /* SceneDelegate.swift */; };
		88ABB12227A251740010D9D2 /* ViewController.swift in Sources */ = {isa = PBXBuildFile; fileRef = 88ABB12127A251740010D9D2 /* ViewController.swift */; };
		88ABB12527A251740010D9D2 /* Main.storyboard in Resources */ = {isa = PBXBuildFile; fileRef = 88ABB12327A251740010D9D2 /* Main.storyboard */; };
		88ABB12727A251750010D9D2 /* Assets.xcassets in Resources */ = {isa = PBXBuildFile; fileRef = 88ABB12627A251750010D9D2 /* Assets.xcassets */; };
		88ABB12A27A251750010D9D2 /* LaunchScreen.storyboard in Resources */ = {isa = PBXBuildFile; fileRef = 88ABB12827A251750010D9D2 /* LaunchScreen.storyboard */; };
		88ABB13527A251750010D9D2 /* GetKmong_V2Tests.swift in Sources */ = {isa = PBXBuildFile; fileRef = 88ABB13427A251750010D9D2 /* GetKmong_V2Tests.swift */; };
		88ABB13F27A251750010D9D2 /* GetKmong_V2UITests.swift in Sources */ = {isa = PBXBuildFile; fileRef = 88ABB13E27A251750010D9D2 /* GetKmong_V2UITests.swift */; };
		88ABB14127A251750010D9D2 /* GetKmong_V2UITestsLaunchTests.swift in Sources */ = {isa = PBXBuildFile; fileRef = 88ABB14027A251750010D9D2 /* GetKmong_V2UITestsLaunchTests.swift */; };
/* End PBXBuildFile section */

/* Begin PBXContainerItemProxy section */
		88ABB13127A251750010D9D2 /* PBXContainerItemProxy */ = {
			isa = PBXContainerItemProxy;
			containerPortal = 88ABB11227A251740010D9D2 /* Project object */;
			proxyType = 1;
			remoteGlobalIDString = 88ABB11927A251740010D9D2;
			remoteInfo = GetKmong_V2;
		};
		88ABB13B27A251750010D9D2 /* PBXContainerItemProxy */ = {
			isa = PBXContainerItemProxy;
			containerPortal = 88ABB11227A251740010D9D2 /* Project object */;
			proxyType = 1;
			remoteGlobalIDString = 88ABB11927A251740010D9D2;
			remoteInfo = GetKmong_V2;
		};
/* End PBXContainerItemProxy section */

/* Begin PBXFileReference section */
		88ABB11A27A251740010D9D2 /* GetKmong_V2.app */ = {isa = PBXFileReference; explicitFileType = wrapper.application; includeInIndex = 0; path = GetKmong_V2.app; sourceTree = BUILT_PRODUCTS_DIR; };
		88ABB11D27A251740010D9D2 /* AppDelegate.swift */ = {isa = PBXFileReference; lastKnownFileType = sourcecode.swift; path = AppDelegate.swift; sourceTree = "<group>"; };
		88ABB11F27A251740010D9D2 /* SceneDelegate.swift */ = {isa = PBXFileReference; lastKnownFileType = sourcecode.swift; path = SceneDelegate.swift; sourceTree = "<group>"; };
		88ABB12127A251740010D9D2 /* ViewController.swift */ = {isa = PBXFileReference; lastKnownFileType = sourcecode.swift; path = ViewController.swift; sourceTree = "<group>"; };
		88ABB12427A251740010D9D2 /* Base */ = {isa = PBXFileReference; lastKnownFileType = file.storyboard; name = Base; path = Base.lproj/Main.storyboard; sourceTree = "<group>"; };
		88ABB12627A251750010D9D2 /* Assets.xcassets */ = {isa = PBXFileReference; lastKnownFileType = folder.assetcatalog; path = Assets.xcassets; sourceTree = "<group>"; };
		88ABB12927A251750010D9D2 /* Base */ = {isa = PBXFileReference; lastKnownFileType = file.storyboard; name = Base; path = Base.lproj/LaunchScreen.storyboard; sourceTree = "<group>"; };
		88ABB12B27A251750010D9D2 /* Info.plist */ = {isa = PBXFileReference; lastKnownFileType = text.plist.xml; path = Info.plist; sourceTree = "<group>"; };
		88ABB13027A251750010D9D2 /* GetKmong_V2Tests.xctest */ = {isa = PBXFileReference; explicitFileType = wrapper.cfbundle; includeInIndex = 0; path = GetKmong_V2Tests.xctest; sourceTree = BUILT_PRODUCTS_DIR; };
		88ABB13427A251750010D9D2 /* GetKmong_V2Tests.swift */ = {isa = PBXFileReference; lastKnownFileType = sourcecode.swift; path = GetKmong_V2Tests.swift; sourceTree = "<group>"; };
		88ABB13A27A251750010D9D2 /* GetKmong_V2UITests.xctest */ = {isa = PBXFileReference; explicitFileType = wrapper.cfbundle; includeInIndex = 0; path = GetKmong_V2UITests.xctest; sourceTree = BUILT_PRODUCTS_DIR; };
		88ABB13E27A251750010D9D2 /* GetKmong_V2UITests.swift */ = {isa = PBXFileReference; lastKnownFileType = sourcecode.swift; path = GetKmong_V2UITests.swift; sourceTree = "<group>"; };
		88ABB14027A251750010D9D2 /* GetKmong_V2UITestsLaunchTests.swift */ = {isa = PBXFileReference; lastKnownFileType = sourcecode.swift; path = GetKmong_V2UITestsLaunchTests.swift; sourceTree = "<group>"; };
/* End PBXFileReference section */

/* Begin PBXFrameworksBuildPhase section */
		88ABB11727A251740010D9D2 /* Frameworks */ = {
			isa = PBXFrameworksBuildPhase;
			buildActionMask = 2147483647;
			files = (
			);
			runOnlyForDeploymentPostprocessing = 0;
		};
		88ABB12D27A251750010D9D2 /* Frameworks */ = {
			isa = PBXFrameworksBuildPhase;
			buildActionMask = 2147483647;
			files = (
			);
			runOnlyForDeploymentPostprocessing = 0;
		};
		88ABB13727A251750010D9D2 /* Frameworks */ = {
			isa = PBXFrameworksBuildPhase;
			buildActionMask = 2147483647;
			files = (
			);
			runOnlyForDeploymentPostprocessing = 0;
		};
/* End PBXFrameworksBuildPhase section */

/* Begin PBXGroup section */
		88ABB11127A251740010D9D2 = {
			isa = PBXGroup;
			children = (
				88ABB11C27A251740010D9D2 /* GetKmong_V2 */,
				88ABB13327A251750010D9D2 /* GetKmong_V2Tests */,
				88ABB13D27A251750010D9D2 /* GetKmong_V2UITests */,
				88ABB11B27A251740010D9D2 /* Products */,
			);
			sourceTree = "<group>";
		};
		88ABB11B27A251740010D9D2 /* Products */ = {
			isa = PBXGroup;
			children = (
				88ABB11A27A251740010D9D2 /* GetKmong_V2.app */,
				88ABB13027A251750010D9D2 /* GetKmong_V2Tests.xctest */,
				88ABB13A27A251750010D9D2 /* GetKmong_V2UITests.xctest */,
			);
			name = Products;
			sourceTree = "<group>";
		};
		88ABB11C27A251740010D9D2 /* GetKmong_V2 */ = {
			isa = PBXGroup;
			children = (
				88ABB11D27A251740010D9D2 /* AppDelegate.swift */,
				88ABB11F27A251740010D9D2 /* SceneDelegate.swift */,
				88ABB12127A251740010D9D2 /* ViewController.swift */,
				88ABB12327A251740010D9D2 /* Main.storyboard */,
				88ABB12627A251750010D9D2 /* Assets.xcassets */,
				88ABB12827A251750010D9D2 /* LaunchScreen.storyboard */,
				88ABB12B27A251750010D9D2 /* Info.plist */,
			);
			path = GetKmong_V2;
			sourceTree = "<group>";
		};
		88ABB13327A251750010D9D2 /* GetKmong_V2Tests */ = {
			isa = PBXGroup;
			children = (
				88ABB13427A251750010D9D2 /* GetKmong_V2Tests.swift */,
			);
			path = GetKmong_V2Tests;
			sourceTree = "<group>";
		};
		88ABB13D27A251750010D9D2 /* GetKmong_V2UITests */ = {
			isa = PBXGroup;
			children = (
				88ABB13E27A251750010D9D2 /* GetKmong_V2UITests.swift */,
				88ABB14027A251750010D9D2 /* GetKmong_V2UITestsLaunchTests.swift */,
			);
			path = GetKmong_V2UITests;
			sourceTree = "<group>";
		};
/* End PBXGroup section */

/* Begin PBXNativeTarget section */
		88ABB11927A251740010D9D2 /* GetKmong_V2 */ = {
			isa = PBXNativeTarget;
			buildConfigurationList = 88ABB14427A251750010D9D2 /* Build configuration list for PBXNativeTarget "GetKmong_V2" */;
			buildPhases = (
				88ABB11627A251740010D9D2 /* Sources */,
				88ABB11727A251740010D9D2 /* Frameworks */,
				88ABB11827A251740010D9D2 /* Resources */,
			);
			buildRules = (
			);
			dependencies = (
			);
			name = GetKmong_V2;
			productName = GetKmong_V2;
			productReference = 88ABB11A27A251740010D9D2 /* GetKmong_V2.app */;
			productType = "com.apple.product-type.application";
		};
		88ABB12F27A251750010D9D2 /* GetKmong_V2Tests */ = {
			isa = PBXNativeTarget;
			buildConfigurationList = 88ABB14727A251750010D9D2 /* Build configuration list for PBXNativeTarget "GetKmong_V2Tests" */;
			buildPhases = (
				88ABB12C27A251750010D9D2 /* Sources */,
				88ABB12D27A251750010D9D2 /* Frameworks */,
				88ABB12E27A251750010D9D2 /* Resources */,
			);
			buildRules = (
			);
			dependencies = (
				88ABB13227A251750010D9D2 /* PBXTargetDependency */,
			);
			name = GetKmong_V2Tests;
			productName = GetKmong_V2Tests;
			productReference = 88ABB13027A251750010D9D2 /* GetKmong_V2Tests.xctest */;
			productType = "com.apple.product-type.bundle.unit-test";
		};
		88ABB13927A251750010D9D2 /* GetKmong_V2UITests */ = {
			isa = PBXNativeTarget;
			buildConfigurationList = 88ABB14A27A251750010D9D2 /* Build configuration list for PBXNativeTarget "GetKmong_V2UITests" */;
			buildPhases = (
				88ABB13627A251750010D9D2 /* Sources */,
				88ABB13727A251750010D9D2 /* Frameworks */,
				88ABB13827A251750010D9D2 /* Resources */,
			);
			buildRules = (
			);
			dependencies = (
				88ABB13C27A251750010D9D2 /* PBXTargetDependency */,
			);
			name = GetKmong_V2UITests;
			productName = GetKmong_V2UITests;
			productReference = 88ABB13A27A251750010D9D2 /* GetKmong_V2UITests.xctest */;
			productType = "com.apple.product-type.bundle.ui-testing";
		};
/* End PBXNativeTarget section */

/* Begin PBXProject section */
		88ABB11227A251740010D9D2 /* Project object */ = {
			isa = PBXProject;
			attributes = {
				BuildIndependentTargetsInParallel = 1;
				LastSwiftUpdateCheck = 1320;
				LastUpgradeCheck = 1320;
				TargetAttributes = {
					88ABB11927A251740010D9D2 = {
						CreatedOnToolsVersion = 13.2.1;
					};
					88ABB12F27A251750010D9D2 = {
						CreatedOnToolsVersion = 13.2.1;
						TestTargetID = 88ABB11927A251740010D9D2;
					};
					88ABB13927A251750010D9D2 = {
						CreatedOnToolsVersion = 13.2.1;
						TestTargetID = 88ABB11927A251740010D9D2;
					};
				};
			};
			buildConfigurationList = 88ABB11527A251740010D9D2 /* Build configuration list for PBXProject "GetKmong_V2" */;
			compatibilityVersion = "Xcode 13.0";
			developmentRegion = en;
			hasScannedForEncodings = 0;
			knownRegions = (
				en,
				Base,
			);
			mainGroup = 88ABB11127A251740010D9D2;
			productRefGroup = 88ABB11B27A251740010D9D2 /* Products */;
			projectDirPath = "";
			projectRoot = "";
			targets = (
				88ABB11927A251740010D9D2 /* GetKmong_V2 */,
				88ABB12F27A251750010D9D2 /* GetKmong_V2Tests */,
				88ABB13927A251750010D9D2 /* GetKmong_V2UITests */,
			);
		};
/* End PBXProject section */

/* Begin PBXResourcesBuildPhase section */
		88ABB11827A251740010D9D2 /* Resources */ = {
			isa = PBXResourcesBuildPhase;
			buildActionMask = 2147483647;
			files = (
				88ABB12A27A251750010D9D2 /* LaunchScreen.storyboard in Resources */,
				88ABB12727A251750010D9D2 /* Assets.xcassets in Resources */,
				88ABB12527A251740010D9D2 /* Main.storyboard in Resources */,
			);
			runOnlyForDeploymentPostprocessing = 0;
		};
		88ABB12E27A251750010D9D2 /* Resources */ = {
			isa = PBXResourcesBuildPhase;
			buildActionMask = 2147483647;
			files = (
			);
			runOnlyForDeploymentPostprocessing = 0;
		};
		88ABB13827A251750010D9D2 /* Resources */ = {
			isa = PBXResourcesBuildPhase;
			buildActionMask = 2147483647;
			files = (
			);
			runOnlyForDeploymentPostprocessing = 0;
		};
/* End PBXResourcesBuildPhase section */

/* Begin PBXSourcesBuildPhase section */
		88ABB11627A251740010D9D2 /* Sources */ = {
			isa = PBXSourcesBuildPhase;
			buildActionMask = 2147483647;
			files = (
				88ABB12227A251740010D9D2 /* ViewController.swift in Sources */,
				88ABB11E27A251740010D9D2 /* AppDelegate.swift in Sources */,
				88ABB12027A251740010D9D2 /* SceneDelegate.swift in Sources */,
			);
			runOnlyForDeploymentPostprocessing = 0;
		};
		88ABB12C27A251750010D9D2 /* Sources */ = {
			isa = PBXSourcesBuildPhase;
			buildActionMask = 2147483647;
			files = (
				88ABB13527A251750010D9D2 /* GetKmong_V2Tests.swift in Sources */,
			);
			runOnlyForDeploymentPostprocessing = 0;
		};
		88ABB13627A251750010D9D2 /* Sources */ = {
			isa = PBXSourcesBuildPhase;
			buildActionMask = 2147483647;
			files = (
				88ABB14127A251750010D9D2 /* GetKmong_V2UITestsLaunchTests.swift in Sources */,
				88ABB13F27A251750010D9D2 /* GetKmong_V2UITests.swift in Sources */,
			);
			runOnlyForDeploymentPostprocessing = 0;
		};
/* End PBXSourcesBuildPhase section */

/* Begin PBXTargetDependency section */
		88ABB13227A251750010D9D2 /* PBXTargetDependency */ = {
			isa = PBXTargetDependency;
			target = 88ABB11927A251740010D9D2 /* GetKmong_V2 */;
			targetProxy = 88ABB13127A251750010D9D2 /* PBXContainerItemProxy */;
		};
		88ABB13C27A251750010D9D2 /* PBXTargetDependency */ = {
			isa = PBXTargetDependency;
			target = 88ABB11927A251740010D9D2 /* GetKmong_V2 */;
			targetProxy = 88ABB13B27A251750010D9D2 /* PBXContainerItemProxy */;
		};
/* End PBXTargetDependency section */

/* Begin PBXVariantGroup section */
		88ABB12327A251740010D9D2 /* Main.storyboard */ = {
			isa = PBXVariantGroup;
			children = (
				88ABB12427A251740010D9D2 /* Base */,
			);
			name = Main.storyboard;
			sourceTree = "<group>";
		};
		88ABB12827A251750010D9D2 /* LaunchScreen.storyboard */ = {
			isa = PBXVariantGroup;
			children = (
				88ABB12927A251750010D9D2 /* Base */,
			);
			name = LaunchScreen.storyboard;
			sourceTree = "<group>";
		};
/* End PBXVariantGroup section */

/* Begin XCBuildConfiguration section */
		88ABB14227A251750010D9D2 /* Debug */ = {
			isa = XCBuildConfiguration;
			buildSettings = {
				ALWAYS_SEARCH_USER_PATHS = NO;
				CLANG_ANALYZER_NONNULL = YES;
				CLANG_ANALYZER_NUMBER_OBJECT_CONVERSION = YES_AGGRESSIVE;
				CLANG_CXX_LANGUAGE_STANDARD = "gnu++17";
				CLANG_CXX_LIBRARY = "libc++";
				CLANG_ENABLE_MODULES = YES;
				CLANG_ENABLE_OBJC_ARC = YES;
				CLANG_ENABLE_OBJC_WEAK = YES;
				CLANG_WARN_BLOCK_CAPTURE_AUTORELEASING = YES;
				CLANG_WARN_BOOL_CONVERSION = YES;
				CLANG_WARN_COMMA = YES;
				CLANG_WARN_CONSTANT_CONVERSION = YES;
				CLANG_WARN_DEPRECATED_OBJC_IMPLEMENTATIONS = YES;
				CLANG_WARN_DIRECT_OBJC_ISA_USAGE = YES_ERROR;
				CLANG_WARN_DOCUMENTATION_COMMENTS = YES;
				CLANG_WARN_EMPTY_BODY = YES;
				CLANG_WARN_ENUM_CONVERSION = YES;
				CLANG_WARN_INFINITE_RECURSION = YES;
				CLANG_WARN_INT_CONVERSION = YES;
				CLANG_WARN_NON_LITERAL_NULL_CONVERSION = YES;
				CLANG_WARN_OBJC_IMPLICIT_RETAIN_SELF = YES;
				CLANG_WARN_OBJC_LITERAL_CONVERSION = YES;
				CLANG_WARN_OBJC_ROOT_CLASS = YES_ERROR;
				CLANG_WARN_QUOTED_INCLUDE_IN_FRAMEWORK_HEADER = YES;
				CLANG_WARN_RANGE_LOOP_ANALYSIS = YES;
				CLANG_WARN_STRICT_PROTOTYPES = YES;
				CLANG_WARN_SUSPICIOUS_MOVE = YES;
				CLANG_WARN_UNGUARDED_AVAILABILITY = YES_AGGRESSIVE;
				CLANG_WARN_UNREACHABLE_CODE = YES;
				CLANG_WARN__DUPLICATE_METHOD_MATCH = YES;
				COPY_PHASE_STRIP = NO;
				DEBUG_INFORMATION_FORMAT = dwarf;
				ENABLE_STRICT_OBJC_MSGSEND = YES;
				ENABLE_TESTABILITY = YES;
				GCC_C_LANGUAGE_STANDARD = gnu11;
				GCC_DYNAMIC_NO_PIC = NO;
				GCC_NO_COMMON_BLOCKS = YES;
				GCC_OPTIMIZATION_LEVEL = 0;
				GCC_PREPROCESSOR_DEFINITIONS = (
					"DEBUG=1",
					"$(inherited)",
				);
				GCC_WARN_64_TO_32_BIT_CONVERSION = YES;
				GCC_WARN_ABOUT_RETURN_TYPE = YES_ERROR;
				GCC_WARN_UNDECLARED_SELECTOR = YES;
				GCC_WARN_UNINITIALIZED_AUTOS = YES_AGGRESSIVE;
				GCC_WARN_UNUSED_FUNCTION = YES;
				GCC_WARN_UNUSED_VARIABLE = YES;
				IPHONEOS_DEPLOYMENT_TARGET = 15.2;
				MTL_ENABLE_DEBUG_INFO = INCLUDE_SOURCE;
				MTL_FAST_MATH = YES;
				ONLY_ACTIVE_ARCH = YES;
				SDKROOT = iphoneos;
				SWIFT_ACTIVE_COMPILATION_CONDITIONS = DEBUG;
				SWIFT_OPTIMIZATION_LEVEL = "-Onone";
			};
			name = Debug;
		};
		88ABB14327A251750010D9D2 /* Release */ = {
			isa = XCBuildConfiguration;
			buildSettings = {
				ALWAYS_SEARCH_USER_PATHS = NO;
				CLANG_ANALYZER_NONNULL = YES;
				CLANG_ANALYZER_NUMBER_OBJECT_CONVERSION = YES_AGGRESSIVE;
				CLANG_CXX_LANGUAGE_STANDARD = "gnu++17";
				CLANG_CXX_LIBRARY = "libc++";
				CLANG_ENABLE_MODULES = YES;
				CLANG_ENABLE_OBJC_ARC = YES;
				CLANG_ENABLE_OBJC_WEAK = YES;
				CLANG_WARN_BLOCK_CAPTURE_AUTORELEASING = YES;
				CLANG_WARN_BOOL_CONVERSION = YES;
				CLANG_WARN_COMMA = YES;
				CLANG_WARN_CONSTANT_CONVERSION = YES;
				CLANG_WARN_DEPRECATED_OBJC_IMPLEMENTATIONS = YES;
				CLANG_WARN_DIRECT_OBJC_ISA_USAGE = YES_ERROR;
				CLANG_WARN_DOCUMENTATION_COMMENTS = YES;
				CLANG_WARN_EMPTY_BODY = YES;
				CLANG_WARN_ENUM_CONVERSION = YES;
				CLANG_WARN_INFINITE_RECURSION = YES;
				CLANG_WARN_INT_CONVERSION = YES;
				CLANG_WARN_NON_LITERAL_NULL_CONVERSION = YES;
				CLANG_WARN_OBJC_IMPLICIT_RETAIN_SELF = YES;
				CLANG_WARN_OBJC_LITERAL_CONVERSION = YES;
				CLANG_WARN_OBJC_ROOT_CLASS = YES_ERROR;
				CLANG_WARN_QUOTED_INCLUDE_IN_FRAMEWORK_HEADER = YES;
				CLANG_WARN_RANGE_LOOP_ANALYSIS = YES;
				CLANG_WARN_STRICT_PROTOTYPES = YES;
				CLANG_WARN_SUSPICIOUS_MOVE = YES;
				CLANG_WARN_UNGUARDED_AVAILABILITY = YES_AGGRESSIVE;
				CLANG_WARN_UNREACHABLE_CODE = YES;
				CLANG_WARN__DUPLICATE_METHOD_MATCH = YES;
				COPY_PHASE_STRIP = NO;
				DEBUG_INFORMATION_FORMAT = "dwarf-with-dsym";
				ENABLE_NS_ASSERTIONS = NO;
				ENABLE_STRICT_OBJC_MSGSEND = YES;
				GCC_C_LANGUAGE_STANDARD = gnu11;
				GCC_NO_COMMON_BLOCKS = YES;
				GCC_WARN_64_TO_32_BIT_CONVERSION = YES;
				GCC_WARN_ABOUT_RETURN_TYPE = YES_ERROR;
				GCC_WARN_UNDECLARED_SELECTOR = YES;
				GCC_WARN_UNINITIALIZED_AUTOS = YES_AGGRESSIVE;
				GCC_WARN_UNUSED_FUNCTION = YES;
				GCC_WARN_UNUSED_VARIABLE = YES;
				IPHONEOS_DEPLOYMENT_TARGET = 15.2;
				MTL_ENABLE_DEBUG_INFO = NO;
				MTL_FAST_MATH = YES;
				SDKROOT = iphoneos;
				SWIFT_COMPILATION_MODE = wholemodule;
				SWIFT_OPTIMIZATION_LEVEL = "-O";
				VALIDATE_PRODUCT = YES;
			};
			name = Release;
		};
		88ABB14527A251750010D9D2 /* Debug */ = {
			isa = XCBuildConfiguration;
			buildSettings = {
				ASSETCATALOG_COMPILER_APPICON_NAME = AppIcon;
				ASSETCATALOG_COMPILER_GLOBAL_ACCENT_COLOR_NAME = AccentColor;
				CODE_SIGN_STYLE = Automatic;
				CURRENT_PROJECT_VERSION = 1;
				GENERATE_INFOPLIST_FILE = YES;
				INFOPLIST_FILE = GetKmong_V2/Info.plist;
				INFOPLIST_KEY_UIApplicationSupportsIndirectInputEvents = YES;
				INFOPLIST_KEY_UILaunchStoryboardName = LaunchScreen;
				INFOPLIST_KEY_UIMainStoryboardFile = Main;
				INFOPLIST_KEY_UISupportedInterfaceOrientations_iPad = "UIInterfaceOrientationPortrait UIInterfaceOrientationPortraitUpsideDown UIInterfaceOrientationLandscapeLeft UIInterfaceOrientationLandscapeRight";
				INFOPLIST_KEY_UISupportedInterfaceOrientations_iPhone = "UIInterfaceOrientationPortrait UIInterfaceOrientationLandscapeLeft UIInterfaceOrientationLandscapeRight";
				LD_RUNPATH_SEARCH_PATHS = (
					"$(inherited)",
					"@executable_path/Frameworks",
				);
				MARKETING_VERSION = 1.0;
				PRODUCT_BUNDLE_IDENTIFIER = "com.portfolio.GetKmong-V2";
				PRODUCT_NAME = "$(TARGET_NAME)";
				SWIFT_EMIT_LOC_STRINGS = YES;
				SWIFT_VERSION = 5.0;
				TARGETED_DEVICE_FAMILY = "1,2";
			};
			name = Debug;
		};
		88ABB14627A251750010D9D2 /* Release */ = {
			isa = XCBuildConfiguration;
			buildSettings = {
				ASSETCATALOG_COMPILER_APPICON_NAME = AppIcon;
				ASSETCATALOG_COMPILER_GLOBAL_ACCENT_COLOR_NAME = AccentColor;
				CODE_SIGN_STYLE = Automatic;
				CURRENT_PROJECT_VERSION = 1;
				GENERATE_INFOPLIST_FILE = YES;
				INFOPLIST_FILE = GetKmong_V2/Info.plist;
				INFOPLIST_KEY_UIApplicationSupportsIndirectInputEvents = YES;
				INFOPLIST_KEY_UILaunchStoryboardName = LaunchScreen;
				INFOPLIST_KEY_UIMainStoryboardFile = Main;
				INFOPLIST_KEY_UISupportedInterfaceOrientations_iPad = "UIInterfaceOrientationPortrait UIInterfaceOrientationPortraitUpsideDown UIInterfaceOrientationLandscapeLeft UIInterfaceOrientationLandscapeRight";
				INFOPLIST_KEY_UISupportedInterfaceOrientations_iPhone = "UIInterfaceOrientationPortrait UIInterfaceOrientationLandscapeLeft UIInterfaceOrientationLandscapeRight";
				LD_RUNPATH_SEARCH_PATHS = (
					"$(inherited)",
					"@executable_path/Frameworks",
				);
				MARKETING_VERSION = 1.0;
				PRODUCT_BUNDLE_IDENTIFIER = "com.portfolio.GetKmong-V2";
				PRODUCT_NAME = "$(TARGET_NAME)";
				SWIFT_EMIT_LOC_STRINGS = YES;
				SWIFT_VERSION = 5.0;
				TARGETED_DEVICE_FAMILY = "1,2";
			};
			name = Release;
		};
		88ABB14827A251750010D9D2 /* Debug */ = {
			isa = XCBuildConfiguration;
			buildSettings = {
				ALWAYS_EMBED_SWIFT_STANDARD_LIBRARIES = YES;
				BUNDLE_LOADER = "$(TEST_HOST)";
				CODE_SIGN_STYLE = Automatic;
				CURRENT_PROJECT_VERSION = 1;
				GENERATE_INFOPLIST_FILE = YES;
				IPHONEOS_DEPLOYMENT_TARGET = 15.2;
				MARKETING_VERSION = 1.0;
				PRODUCT_BUNDLE_IDENTIFIER = "com.portfolio.GetKmong-V2Tests";
				PRODUCT_NAME = "$(TARGET_NAME)";
				SWIFT_EMIT_LOC_STRINGS = NO;
				SWIFT_VERSION = 5.0;
				TARGETED_DEVICE_FAMILY = "1,2";
				TEST_HOST = "$(BUILT_PRODUCTS_DIR)/GetKmong_V2.app/GetKmong_V2";
			};
			name = Debug;
		};
		88ABB14927A251750010D9D2 /* Release */ = {
			isa = XCBuildConfiguration;
			buildSettings = {
				ALWAYS_EMBED_SWIFT_STANDARD_LIBRARIES = YES;
				BUNDLE_LOADER = "$(TEST_HOST)";
				CODE_SIGN_STYLE = Automatic;
				CURRENT_PROJECT_VERSION = 1;
				GENERATE_INFOPLIST_FILE = YES;
				IPHONEOS_DEPLOYMENT_TARGET = 15.2;
				MARKETING_VERSION = 1.0;
				PRODUCT_BUNDLE_IDENTIFIER = "com.portfolio.GetKmong-V2Tests";
				PRODUCT_NAME = "$(TARGET_NAME)";
				SWIFT_EMIT_LOC_STRINGS = NO;
				SWIFT_VERSION = 5.0;
				TARGETED_DEVICE_FAMILY = "1,2";
				TEST_HOST = "$(BUILT_PRODUCTS_DIR)/GetKmong_V2.app/GetKmong_V2";
			};
			name = Release;
		};
		88ABB14B27A251750010D9D2 /* Debug */ = {
			isa = XCBuildConfiguration;
			buildSettings = {
				ALWAYS_EMBED_SWIFT_STANDARD_LIBRARIES = YES;
				CODE_SIGN_STYLE = Automatic;
				CURRENT_PROJECT_VERSION = 1;
				GENERATE_INFOPLIST_FILE = YES;
				MARKETING_VERSION = 1.0;
				PRODUCT_BUNDLE_IDENTIFIER = "com.portfolio.GetKmong-V2UITests";
				PRODUCT_NAME = "$(TARGET_NAME)";
				SWIFT_EMIT_LOC_STRINGS = NO;
				SWIFT_VERSION = 5.0;
				TARGETED_DEVICE_FAMILY = "1,2";
				TEST_TARGET_NAME = GetKmong_V2;
			};
			name = Debug;
		};
		88ABB14C27A251750010D9D2 /* Release */ = {
			isa = XCBuildConfiguration;
			buildSettings = {
				ALWAYS_EMBED_SWIFT_STANDARD_LIBRARIES = YES;
				CODE_SIGN_STYLE = Automatic;
				CURRENT_PROJECT_VERSION = 1;
				GENERATE_INFOPLIST_FILE = YES;
				MARKETING_VERSION = 1.0;
				PRODUCT_BUNDLE_IDENTIFIER = "com.portfolio.GetKmong-V2UITests";
				PRODUCT_NAME = "$(TARGET_NAME)";
				SWIFT_EMIT_LOC_STRINGS = NO;
				SWIFT_VERSION = 5.0;
				TARGETED_DEVICE_FAMILY = "1,2";
				TEST_TARGET_NAME = GetKmong_V2;
			};
			name = Release;
		};
/* End XCBuildConfiguration section */

/* Begin XCConfigurationList section */
		88ABB11527A251740010D9D2 /* Build configuration list for PBXProject "GetKmong_V2" */ = {
			isa = XCConfigurationList;
			buildConfigurations = (
				88ABB14227A251750010D9D2 /* Debug */,
				88ABB14327A251750010D9D2 /* Release */,
			);
			defaultConfigurationIsVisible = 0;
			defaultConfigurationName = Release;
		};
		88ABB14427A251750010D9D2 /* Build configuration list for PBXNativeTarget "GetKmong_V2" */ = {
			isa = XCConfigurationList;
			buildConfigurations = (
				88ABB14527A251750010D9D2 /* Debug */,
				88ABB14627A251750010D9D2 /* Release */,
			);
			defaultConfigurationIsVisible = 0;
			defaultConfigurationName = Release;
		};
		88ABB14727A251750010D9D2 /* Build configuration list for PBXNativeTarget "GetKmong_V2Tests" */ = {
			isa = XCConfigurationList;
			buildConfigurations = (
				88ABB14827A251750010D9D2 /* Debug */,
				88ABB14927A251750010D9D2 /* Release */,
			);
			defaultConfigurationIsVisible = 0;
			defaultConfigurationName = Release;
		};
		88ABB14A27A251750010D9D2 /* Build configuration list for PBXNativeTarget "GetKmong_V2UITests" */ = {
			isa = XCConfigurationList;
			buildConfigurations = (
				88ABB14B27A251750010D9D2 /* Debug */,
				88ABB14C27A251750010D9D2 /* Release */,
			);
			defaultConfigurationIsVisible = 0;
			defaultConfigurationName = Release;
		};
/* End XCConfigurationList section */
	};
	rootObject = 88ABB11227A251740010D9D2 /* Project object */;
}
